
Microsoft Visual Studio Solution File, Format Version 12.00
# Visual Studio Version 17
VisualStudioVersion = 17.5.33516.290
MinimumVisualStudioVersion = 10.0.40219.1
Project("{8BC9CEB8-8B4A-11D0-8D11-00A0C91BC942}") = "MT3_01_Vector3", "MT3_01_Vector3.vcxproj", "{0D79322A-DC3D-4375-8701-EB63819AE479}"
EndProject
Global
	GlobalSection(SolutionConfigurationPlatforms) = preSolution
		Debug|x64 = Debug|x64
		Release|x64 = Release|x64
	EndGlobalSection
	GlobalSection(ProjectConfigurationPlatforms) = postSolution
		{0D79322A-DC3D-4375-8701-EB63819AE479}.Debug|x64.ActiveCfg = Debug|x64
		{0D79322A-DC3D-4375-8701-EB63819AE479}.Debug|x64.Build.0 = Debug|x64
		{0D79322A-DC3D-4375-8701-EB63819AE479}.Release|x64.ActiveCfg = Release|x64
		{0D79322A-DC3D-4375-8701-EB63819AE479}.Release|x64.Build.0 = Release|x64
	EndGlobalSection
	GlobalSection(SolutionProperties) = preSolution
		HideSolutionNode = FALSE
	EndGlobalSection
	GlobalSection(ExtensibilityGlobals) = postSolution
		SolutionGuid = {F73E1D1B-02EA-463B-8B22-C9E5C2802D6A}
	EndGlobalSection
EndGlobal
